
Microsoft Visual Studio Solution File, Format Version 11.00
# Visual Studio 2010
Project("{8BC9CEB8-8B4A-11D0-8D11-00A0C91BC942}") = "dark-cpp-msg", "dark-cpp-msg\dark-cpp-msg.vcxproj", "{FC38DADE-35BE-4DC7-9975-99E4B7DBE059}"
EndProject
Project("{8BC9CEB8-8B4A-11D0-8D11-00A0C91BC942}") = "test_server", "test_server\test_server.vcxproj", "{5C844E14-891F-4D74-8CEC-29F42A76978E}"
EndProject
Project("{8BC9CEB8-8B4A-11D0-8D11-00A0C91BC942}") = "test_msg", "test_msg\test_msg.vcxproj", "{369C146D-5636-41EC-B9BA-C1AE03899BE4}"
EndProject
Global
	GlobalSection(SolutionConfigurationPlatforms) = preSolution
		Debug|Win32 = Debug|Win32
		Release|Win32 = Release|Win32
	EndGlobalSection
	GlobalSection(ProjectConfigurationPlatforms) = postSolution
		{FC38DADE-35BE-4DC7-9975-99E4B7DBE059}.Debug|Win32.ActiveCfg = Debug|Win32
		{FC38DADE-35BE-4DC7-9975-99E4B7DBE059}.Debug|Win32.Build.0 = Debug|Win32
		{FC38DADE-35BE-4DC7-9975-99E4B7DBE059}.Release|Win32.ActiveCfg = Release|Win32
		{FC38DADE-35BE-4DC7-9975-99E4B7DBE059}.Release|Win32.Build.0 = Release|Win32
		{5C844E14-891F-4D74-8CEC-29F42A76978E}.Debug|Win32.ActiveCfg = Debug|Win32
		{5C844E14-891F-4D74-8CEC-29F42A76978E}.Debug|Win32.Build.0 = Debug|Win32
		{5C844E14-891F-4D74-8CEC-29F42A76978E}.Release|Win32.ActiveCfg = Release|Win32
		{5C844E14-891F-4D74-8CEC-29F42A76978E}.Release|Win32.Build.0 = Release|Win32
		{369C146D-5636-41EC-B9BA-C1AE03899BE4}.Debug|Win32.ActiveCfg = Debug|Win32
		{369C146D-5636-41EC-B9BA-C1AE03899BE4}.Debug|Win32.Build.0 = Debug|Win32
		{369C146D-5636-41EC-B9BA-C1AE03899BE4}.Release|Win32.ActiveCfg = Release|Win32
		{369C146D-5636-41EC-B9BA-C1AE03899BE4}.Release|Win32.Build.0 = Release|Win32
	EndGlobalSection
	GlobalSection(SolutionProperties) = preSolution
		HideSolutionNode = FALSE
	EndGlobalSection
EndGlobal
