
Microsoft Visual Studio Solution File, Format Version 11.00
# Visual Studio 2010
Project("{8BC9CEB8-8B4A-11D0-8D11-00A0C91BC942}") = "test_msg", "test_msg\test_msg.vcxproj", "{93EB9FFD-61B5-41BE-BC97-6593602943D6}"
EndProject
Project("{8BC9CEB8-8B4A-11D0-8D11-00A0C91BC942}") = "test_server", "test_server\test_server.vcxproj", "{404A0167-1860-4E91-81F5-285A5B653C78}"
EndProject
Project("{8BC9CEB8-8B4A-11D0-8D11-00A0C91BC942}") = "test_client", "test_client\test_client.vcxproj", "{79E78261-583E-4119-87A7-13BD97C85226}"
EndProject
Project("{8BC9CEB8-8B4A-11D0-8D11-00A0C91BC942}") = "connect_process", "connect_process\connect_process.vcxproj", "{48ADD045-8C9B-40C1-A4EA-BEF4AF91329B}"
EndProject
Project("{8BC9CEB8-8B4A-11D0-8D11-00A0C91BC942}") = "test_fclient", "test_fclient\test_fclient.vcxproj", "{FBF3DB52-9366-403C-8351-1F52D212C81D}"
EndProject
Project("{8BC9CEB8-8B4A-11D0-8D11-00A0C91BC942}") = "test-fserver", "test-fserver\test-fserver.vcxproj", "{9BEA230B-5906-4BA3-B9B7-72007F5DDE83}"
EndProject
Project("{8BC9CEB8-8B4A-11D0-8D11-00A0C91BC942}") = "dark-cpp-msg", "dark-cpp-msg\dark-cpp-msg.vcxproj", "{3CF21884-2185-461C-BD16-D2503F324B4B}"
EndProject
Project("{8BC9CEB8-8B4A-11D0-8D11-00A0C91BC942}") = "text_handler", "text_handler\text_handler.vcxproj", "{8601202D-725E-42D8-82CE-BAE15AF6C24A}"
EndProject
Project("{8BC9CEB8-8B4A-11D0-8D11-00A0C91BC942}") = "test_handler_server", "test_handler_server\test_handler_server.vcxproj", "{4501BE57-E085-4AD9-AAD5-48378A95F834}"
EndProject
Project("{8BC9CEB8-8B4A-11D0-8D11-00A0C91BC942}") = "test_handler_client", "test_handler_client\test_handler_client.vcxproj", "{395F76CD-2187-4614-9BE0-D5AB48359B5B}"
EndProject
Project("{8BC9CEB8-8B4A-11D0-8D11-00A0C91BC942}") = "file_handler", "file_handler\file_handler.vcxproj", "{7181B2E7-C304-437A-87D6-4F15B1F49A67}"
EndProject
Global
	GlobalSection(SolutionConfigurationPlatforms) = preSolution
		Debug|Win32 = Debug|Win32
		Release|Win32 = Release|Win32
	EndGlobalSection
	GlobalSection(ProjectConfigurationPlatforms) = postSolution
		{93EB9FFD-61B5-41BE-BC97-6593602943D6}.Debug|Win32.ActiveCfg = Debug|Win32
		{93EB9FFD-61B5-41BE-BC97-6593602943D6}.Debug|Win32.Build.0 = Debug|Win32
		{93EB9FFD-61B5-41BE-BC97-6593602943D6}.Release|Win32.ActiveCfg = Release|Win32
		{93EB9FFD-61B5-41BE-BC97-6593602943D6}.Release|Win32.Build.0 = Release|Win32
		{404A0167-1860-4E91-81F5-285A5B653C78}.Debug|Win32.ActiveCfg = Debug|Win32
		{404A0167-1860-4E91-81F5-285A5B653C78}.Debug|Win32.Build.0 = Debug|Win32
		{404A0167-1860-4E91-81F5-285A5B653C78}.Release|Win32.ActiveCfg = Release|Win32
		{404A0167-1860-4E91-81F5-285A5B653C78}.Release|Win32.Build.0 = Release|Win32
		{79E78261-583E-4119-87A7-13BD97C85226}.Debug|Win32.ActiveCfg = Debug|Win32
		{79E78261-583E-4119-87A7-13BD97C85226}.Debug|Win32.Build.0 = Debug|Win32
		{79E78261-583E-4119-87A7-13BD97C85226}.Release|Win32.ActiveCfg = Release|Win32
		{79E78261-583E-4119-87A7-13BD97C85226}.Release|Win32.Build.0 = Release|Win32
		{48ADD045-8C9B-40C1-A4EA-BEF4AF91329B}.Debug|Win32.ActiveCfg = Debug|Win32
		{48ADD045-8C9B-40C1-A4EA-BEF4AF91329B}.Debug|Win32.Build.0 = Debug|Win32
		{48ADD045-8C9B-40C1-A4EA-BEF4AF91329B}.Release|Win32.ActiveCfg = Release|Win32
		{48ADD045-8C9B-40C1-A4EA-BEF4AF91329B}.Release|Win32.Build.0 = Release|Win32
		{FBF3DB52-9366-403C-8351-1F52D212C81D}.Debug|Win32.ActiveCfg = Debug|Win32
		{FBF3DB52-9366-403C-8351-1F52D212C81D}.Debug|Win32.Build.0 = Debug|Win32
		{FBF3DB52-9366-403C-8351-1F52D212C81D}.Release|Win32.ActiveCfg = Release|Win32
		{FBF3DB52-9366-403C-8351-1F52D212C81D}.Release|Win32.Build.0 = Release|Win32
		{9BEA230B-5906-4BA3-B9B7-72007F5DDE83}.Debug|Win32.ActiveCfg = Debug|Win32
		{9BEA230B-5906-4BA3-B9B7-72007F5DDE83}.Debug|Win32.Build.0 = Debug|Win32
		{9BEA230B-5906-4BA3-B9B7-72007F5DDE83}.Release|Win32.ActiveCfg = Release|Win32
		{9BEA230B-5906-4BA3-B9B7-72007F5DDE83}.Release|Win32.Build.0 = Release|Win32
		{3CF21884-2185-461C-BD16-D2503F324B4B}.Debug|Win32.ActiveCfg = Debug|Win32
		{3CF21884-2185-461C-BD16-D2503F324B4B}.Debug|Win32.Build.0 = Debug|Win32
		{3CF21884-2185-461C-BD16-D2503F324B4B}.Release|Win32.ActiveCfg = Release|Win32
		{3CF21884-2185-461C-BD16-D2503F324B4B}.Release|Win32.Build.0 = Release|Win32
		{8601202D-725E-42D8-82CE-BAE15AF6C24A}.Debug|Win32.ActiveCfg = Debug|Win32
		{8601202D-725E-42D8-82CE-BAE15AF6C24A}.Debug|Win32.Build.0 = Debug|Win32
		{8601202D-725E-42D8-82CE-BAE15AF6C24A}.Release|Win32.ActiveCfg = Release|Win32
		{8601202D-725E-42D8-82CE-BAE15AF6C24A}.Release|Win32.Build.0 = Release|Win32
		{4501BE57-E085-4AD9-AAD5-48378A95F834}.Debug|Win32.ActiveCfg = Debug|Win32
		{4501BE57-E085-4AD9-AAD5-48378A95F834}.Debug|Win32.Build.0 = Debug|Win32
		{4501BE57-E085-4AD9-AAD5-48378A95F834}.Release|Win32.ActiveCfg = Release|Win32
		{4501BE57-E085-4AD9-AAD5-48378A95F834}.Release|Win32.Build.0 = Release|Win32
		{395F76CD-2187-4614-9BE0-D5AB48359B5B}.Debug|Win32.ActiveCfg = Debug|Win32
		{395F76CD-2187-4614-9BE0-D5AB48359B5B}.Debug|Win32.Build.0 = Debug|Win32
		{395F76CD-2187-4614-9BE0-D5AB48359B5B}.Release|Win32.ActiveCfg = Release|Win32
		{395F76CD-2187-4614-9BE0-D5AB48359B5B}.Release|Win32.Build.0 = Release|Win32
		{7181B2E7-C304-437A-87D6-4F15B1F49A67}.Debug|Win32.ActiveCfg = Debug|Win32
		{7181B2E7-C304-437A-87D6-4F15B1F49A67}.Debug|Win32.Build.0 = Debug|Win32
		{7181B2E7-C304-437A-87D6-4F15B1F49A67}.Release|Win32.ActiveCfg = Release|Win32
		{7181B2E7-C304-437A-87D6-4F15B1F49A67}.Release|Win32.Build.0 = Release|Win32
	EndGlobalSection
	GlobalSection(SolutionProperties) = preSolution
		HideSolutionNode = FALSE
	EndGlobalSection
EndGlobal
