<?xml version="1.0" encoding="utf-8"?>
<Project ToolsVersion="4.0" xmlns="http://schemas.microsoft.com/developer/msbuild/2003">
  <ItemGroup>
    <Filter Include="源文件">
      <UniqueIdentifier>{4FC737F1-C7A5-4376-A066-2A32D752A2FF}</UniqueIdentifier>
      <Extensions>cpp;c;cc;cxx;def;odl;idl;hpj;bat;asm;asmx</Extensions>
    </Filter>
    <Filter Include="头文件">
      <UniqueIdentifier>{93995380-89BD-4b04-88EB-625FBE52EBFB}</UniqueIdentifier>
      <Extensions>h;hpp;hxx;hm;inl;inc;xsd</Extensions>
    </Filter>
    <Filter Include="资源文件">
      <UniqueIdentifier>{67DA6AB6-F800-4c08-8B7A-83BB121AAD01}</UniqueIdentifier>
      <Extensions>rc;ico;cur;bmp;dlg;rc2;rct;bin;rgs;gif;jpg;jpeg;jpe;resx;tiff;tif;png;wav;mfcribbon-ms</Extensions>
    </Filter>
    <Filter Include="dark">
      <UniqueIdentifier>{0f39473e-9f77-48bb-8f18-2202c8c8a895}</UniqueIdentifier>
    </Filter>
    <Filter Include="dark\tcp">
      <UniqueIdentifier>{e30fdc62-8f8b-4120-ba15-36a5ba18cd46}</UniqueIdentifier>
    </Filter>
    <Filter Include="dk">
      <UniqueIdentifier>{f532fb2e-2fe7-4938-bba9-71a373cf7809}</UniqueIdentifier>
    </Filter>
    <Filter Include="dk\client">
      <UniqueIdentifier>{d70f33a6-8812-4491-adde-b0390fa34bd6}</UniqueIdentifier>
    </Filter>
    <Filter Include="dk\server">
      <UniqueIdentifier>{e53ed3d5-1d2b-48ce-9ce5-3ed6d7a891a8}</UniqueIdentifier>
    </Filter>
    <Filter Include="dk\message">
      <UniqueIdentifier>{972a543c-dd62-428d-9853-4e4f40f1d220}</UniqueIdentifier>
    </Filter>
  </ItemGroup>
  <ItemGroup>
    <None Include="ReadMe.txt" />
  </ItemGroup>
  <ItemGroup>
    <ClInclude Include="stdafx.h">
      <Filter>头文件</Filter>
    </ClInclude>
    <ClInclude Include="targetver.h">
      <Filter>头文件</Filter>
    </ClInclude>
    <ClInclude Include="dark\net.hpp">
      <Filter>dark</Filter>
    </ClInclude>
    <ClInclude Include="dark\tcp.hpp">
      <Filter>dark</Filter>
    </ClInclude>
    <ClInclude Include="dark\tcp\base_client.hpp">
      <Filter>dark\tcp</Filter>
    </ClInclude>
    <ClInclude Include="dark\tcp\base_server.hpp">
      <Filter>dark\tcp</Filter>
    </ClInclude>
    <ClInclude Include="dark\tcp\client.hpp">
      <Filter>dark\tcp</Filter>
    </ClInclude>
    <ClInclude Include="dark\tcp\server.hpp">
      <Filter>dark\tcp</Filter>
    </ClInclude>
    <ClInclude Include="dark\tcp\tcp.hpp">
      <Filter>dark\tcp</Filter>
    </ClInclude>
    <ClInclude Include="dk\net\error_t.h">
      <Filter>dk</Filter>
    </ClInclude>
    <ClInclude Include="dk\net\public.h">
      <Filter>dk</Filter>
    </ClInclude>
    <ClInclude Include="dk\net\tcp.h">
      <Filter>dk</Filter>
    </ClInclude>
    <ClInclude Include="dk\net\client.h">
      <Filter>dk\client</Filter>
    </ClInclude>
    <ClInclude Include="dk\net\client_t.h">
      <Filter>dk\client</Filter>
    </ClInclude>
    <ClInclude Include="dk\net\client_handler.h">
      <Filter>dk\server</Filter>
    </ClInclude>
    <ClInclude Include="dk\net\message_t.h">
      <Filter>dk\message</Filter>
    </ClInclude>
    <ClInclude Include="dk\net\message.h">
      <Filter>dk\message</Filter>
    </ClInclude>
    <ClInclude Include="dk\net\reader_t.h">
      <Filter>dk\message</Filter>
    </ClInclude>
    <ClInclude Include="dk\net\reader.h">
      <Filter>dk\message</Filter>
    </ClInclude>
    <ClInclude Include="dk\net\server_t.h">
      <Filter>dk\server</Filter>
    </ClInclude>
    <ClInclude Include="dk\net\server.h">
      <Filter>dk\server</Filter>
    </ClInclude>
    <ClInclude Include="dk\net\writer_t.h">
      <Filter>dk\message</Filter>
    </ClInclude>
    <ClInclude Include="dk\net\writer.h">
      <Filter>dk\message</Filter>
    </ClInclude>
  </ItemGroup>
  <ItemGroup>
    <ClCompile Include="stdafx.cpp">
      <Filter>源文件</Filter>
    </ClCompile>
    <ClCompile Include="dllmain.cpp">
      <Filter>源文件</Filter>
    </ClCompile>
    <ClCompile Include="dk\net\error_t.cpp">
      <Filter>dk</Filter>
    </ClCompile>
    <ClCompile Include="dk\net\client.cpp">
      <Filter>dk\client</Filter>
    </ClCompile>
    <ClCompile Include="dk\net\client_t.cpp">
      <Filter>dk\client</Filter>
    </ClCompile>
    <ClCompile Include="dk\net\client_handler.cpp">
      <Filter>dk\server</Filter>
    </ClCompile>
    <ClCompile Include="dk\net\message.cpp">
      <Filter>dk\message</Filter>
    </ClCompile>
    <ClCompile Include="dk\net\message_t.cpp">
      <Filter>dk\message</Filter>
    </ClCompile>
    <ClCompile Include="dk\net\reader.cpp">
      <Filter>dk\message</Filter>
    </ClCompile>
    <ClCompile Include="dk\net\reader_t.cpp">
      <Filter>dk\message</Filter>
    </ClCompile>
    <ClCompile Include="dk\net\server.cpp">
      <Filter>dk\server</Filter>
    </ClCompile>
    <ClCompile Include="dk\net\server_t.cpp">
      <Filter>dk\server</Filter>
    </ClCompile>
    <ClCompile Include="dk\net\writer.cpp">
      <Filter>dk\message</Filter>
    </ClCompile>
    <ClCompile Include="dk\net\writer_t.cpp">
      <Filter>dk\message</Filter>
    </ClCompile>
  </ItemGroup>
</Project>